
Microsoft Visual Studio Solution File, Format Version 12.00
# Visual Studio 15
VisualStudioVersion = 15.0.28010.2016
MinimumVisualStudioVersion = 10.0.40219.1
Project("{FAE04EC0-301F-11D3-BF4B-00C04F79EFBC}") = "Game.Engine.Win2d", "..\Test\NeuralNetworkDemoApp\Game.Engine.Win2d\Game.Engine.Win2d.csproj", "{261E1B04-F3F7-4A77-9A52-6C575DBCEBB7}"
EndProject
Project("{FAE04EC0-301F-11D3-BF4B-00C04F79EFBC}") = "NeuralNetwork", "..\Test\NeuralNetworkDemoApp\NeuralNetwork\NeuralNetwork.csproj", "{EDFF1850-3472-41B4-88EF-A2D75A0A45FC}"
EndProject
Project("{FAE04EC0-301F-11D3-BF4B-00C04F79EFBC}") = "NeuralNetworkDemoApp", "..\Test\NeuralNetworkDemoApp\NeuralNetworkDemoApp\NeuralNetworkDemoApp.csproj", "{B03B5E6A-8792-4EC5-85CB-FDAC2653780E}"
EndProject
Global
	GlobalSection(SolutionConfigurationPlatforms) = preSolution
		Debug|Any CPU = Debug|Any CPU
		Debug|ARM = Debug|ARM
		Debug|x64 = Debug|x64
		Debug|x86 = Debug|x86
		Release|Any CPU = Release|Any CPU
		Release|ARM = Release|ARM
		Release|x64 = Release|x64
		Release|x86 = Release|x86
	EndGlobalSection
	GlobalSection(ProjectConfigurationPlatforms) = postSolution
		{261E1B04-F3F7-4A77-9A52-6C575DBCEBB7}.Debug|Any CPU.ActiveCfg = Debug|Any CPU
		{261E1B04-F3F7-4A77-9A52-6C575DBCEBB7}.Debug|Any CPU.Build.0 = Debug|Any CPU
		{261E1B04-F3F7-4A77-9A52-6C575DBCEBB7}.Debug|ARM.ActiveCfg = Debug|ARM
		{261E1B04-F3F7-4A77-9A52-6C575DBCEBB7}.Debug|ARM.Build.0 = Debug|ARM
		{261E1B04-F3F7-4A77-9A52-6C575DBCEBB7}.Debug|x64.ActiveCfg = Debug|x64
		{261E1B04-F3F7-4A77-9A52-6C575DBCEBB7}.Debug|x64.Build.0 = Debug|x64
		{261E1B04-F3F7-4A77-9A52-6C575DBCEBB7}.Debug|x86.ActiveCfg = Debug|x86
		{261E1B04-F3F7-4A77-9A52-6C575DBCEBB7}.Debug|x86.Build.0 = Debug|x86
		{261E1B04-F3F7-4A77-9A52-6C575DBCEBB7}.Release|Any CPU.ActiveCfg = Release|Any CPU
		{261E1B04-F3F7-4A77-9A52-6C575DBCEBB7}.Release|Any CPU.Build.0 = Release|Any CPU
		{261E1B04-F3F7-4A77-9A52-6C575DBCEBB7}.Release|ARM.ActiveCfg = Release|ARM
		{261E1B04-F3F7-4A77-9A52-6C575DBCEBB7}.Release|ARM.Build.0 = Release|ARM
		{261E1B04-F3F7-4A77-9A52-6C575DBCEBB7}.Release|x64.ActiveCfg = Release|x64
		{261E1B04-F3F7-4A77-9A52-6C575DBCEBB7}.Release|x64.Build.0 = Release|x64
		{261E1B04-F3F7-4A77-9A52-6C575DBCEBB7}.Release|x86.ActiveCfg = Release|x86
		{261E1B04-F3F7-4A77-9A52-6C575DBCEBB7}.Release|x86.Build.0 = Release|x86
		{EDFF1850-3472-41B4-88EF-A2D75A0A45FC}.Debug|Any CPU.ActiveCfg = Debug|Any CPU
		{EDFF1850-3472-41B4-88EF-A2D75A0A45FC}.Debug|Any CPU.Build.0 = Debug|Any CPU
		{EDFF1850-3472-41B4-88EF-A2D75A0A45FC}.Debug|ARM.ActiveCfg = Debug|ARM
		{EDFF1850-3472-41B4-88EF-A2D75A0A45FC}.Debug|ARM.Build.0 = Debug|ARM
		{EDFF1850-3472-41B4-88EF-A2D75A0A45FC}.Debug|x64.ActiveCfg = Debug|x64
		{EDFF1850-3472-41B4-88EF-A2D75A0A45FC}.Debug|x64.Build.0 = Debug|x64
		{EDFF1850-3472-41B4-88EF-A2D75A0A45FC}.Debug|x86.ActiveCfg = Debug|x86
		{EDFF1850-3472-41B4-88EF-A2D75A0A45FC}.Debug|x86.Build.0 = Debug|x86
		{EDFF1850-3472-41B4-88EF-A2D75A0A45FC}.Release|Any CPU.ActiveCfg = Release|Any CPU
		{EDFF1850-3472-41B4-88EF-A2D75A0A45FC}.Release|Any CPU.Build.0 = Release|Any CPU
		{EDFF1850-3472-41B4-88EF-A2D75A0A45FC}.Release|ARM.ActiveCfg = Release|ARM
		{EDFF1850-3472-41B4-88EF-A2D75A0A45FC}.Release|ARM.Build.0 = Release|ARM
		{EDFF1850-3472-41B4-88EF-A2D75A0A45FC}.Release|x64.ActiveCfg = Release|x64
		{EDFF1850-3472-41B4-88EF-A2D75A0A45FC}.Release|x64.Build.0 = Release|x64
		{EDFF1850-3472-41B4-88EF-A2D75A0A45FC}.Release|x86.ActiveCfg = Release|x86
		{EDFF1850-3472-41B4-88EF-A2D75A0A45FC}.Release|x86.Build.0 = Release|x86
		{B03B5E6A-8792-4EC5-85CB-FDAC2653780E}.Debug|Any CPU.ActiveCfg = Debug|x86
		{B03B5E6A-8792-4EC5-85CB-FDAC2653780E}.Debug|Any CPU.Build.0 = Debug|x86
		{B03B5E6A-8792-4EC5-85CB-FDAC2653780E}.Debug|Any CPU.Deploy.0 = Debug|x86
		{B03B5E6A-8792-4EC5-85CB-FDAC2653780E}.Debug|ARM.ActiveCfg = Debug|ARM
		{B03B5E6A-8792-4EC5-85CB-FDAC2653780E}.Debug|ARM.Build.0 = Debug|ARM
		{B03B5E6A-8792-4EC5-85CB-FDAC2653780E}.Debug|ARM.Deploy.0 = Debug|ARM
		{B03B5E6A-8792-4EC5-85CB-FDAC2653780E}.Debug|x64.ActiveCfg = Debug|x64
		{B03B5E6A-8792-4EC5-85CB-FDAC2653780E}.Debug|x64.Build.0 = Debug|x64
		{B03B5E6A-8792-4EC5-85CB-FDAC2653780E}.Debug|x64.Deploy.0 = Debug|x64
		{B03B5E6A-8792-4EC5-85CB-FDAC2653780E}.Debug|x86.ActiveCfg = Debug|x86
		{B03B5E6A-8792-4EC5-85CB-FDAC2653780E}.Debug|x86.Build.0 = Debug|x86
		{B03B5E6A-8792-4EC5-85CB-FDAC2653780E}.Debug|x86.Deploy.0 = Debug|x86
		{B03B5E6A-8792-4EC5-85CB-FDAC2653780E}.Release|Any CPU.ActiveCfg = Release|x86
		{B03B5E6A-8792-4EC5-85CB-FDAC2653780E}.Release|Any CPU.Build.0 = Release|x86
		{B03B5E6A-8792-4EC5-85CB-FDAC2653780E}.Release|Any CPU.Deploy.0 = Release|x86
		{B03B5E6A-8792-4EC5-85CB-FDAC2653780E}.Release|ARM.ActiveCfg = Release|ARM
		{B03B5E6A-8792-4EC5-85CB-FDAC2653780E}.Release|ARM.Build.0 = Release|ARM
		{B03B5E6A-8792-4EC5-85CB-FDAC2653780E}.Release|ARM.Deploy.0 = Release|ARM
		{B03B5E6A-8792-4EC5-85CB-FDAC2653780E}.Release|x64.ActiveCfg = Release|x64
		{B03B5E6A-8792-4EC5-85CB-FDAC2653780E}.Release|x64.Build.0 = Release|x64
		{B03B5E6A-8792-4EC5-85CB-FDAC2653780E}.Release|x64.Deploy.0 = Release|x64
		{B03B5E6A-8792-4EC5-85CB-FDAC2653780E}.Release|x86.ActiveCfg = Release|x86
		{B03B5E6A-8792-4EC5-85CB-FDAC2653780E}.Release|x86.Build.0 = Release|x86
		{B03B5E6A-8792-4EC5-85CB-FDAC2653780E}.Release|x86.Deploy.0 = Release|x86
	EndGlobalSection
	GlobalSection(SolutionProperties) = preSolution
		HideSolutionNode = FALSE
	EndGlobalSection
	GlobalSection(ExtensibilityGlobals) = postSolution
		SolutionGuid = {BF6E0F2C-1E00-4307-8E05-3091AE217989}
	EndGlobalSection
EndGlobal
